{
  "name": "ecs-threejs",
  "version": "1.0.0",
  "lockfileVersion": 2,
  "requires": true,
  "packages": {
    "": {
      "name": "ecs-threejs",
      "version": "1.0.0",
      "license": "ISC",
      "dependencies": {
        "three": "^0.136.0"
      },
      "devDependencies": {
        "@types/node": "^17.0.8",
        "@types/three": "^0.136.1"
      }
    },
    "node_modules/@types/node": {
      "version": "17.0.8",
      "resolved": "https://registry.npmjs.org/@types/node/-/node-17.0.8.tgz",
      "integrity": "sha512-YofkM6fGv4gDJq78g4j0mMuGMkZVxZDgtU0JRdx6FgiJDG+0fY0GKVolOV8WqVmEhLCXkQRjwDdKyPxJp/uucg==",
      "dev": true
    },
    "node_modules/@types/three": {
      "version": "0.136.1",
      "resolved": "https://registry.npmjs.org/@types/three/-/three-0.136.1.tgz",
      "integrity": "sha512-gzTw6RR4dU8sGf+RpLBWWKHRVIJ4gwKVQPk+IFCgha04Efg/itXYUalX6iBcYeSmaDu0qE5M7uTq0XLQpU4FAg==",
      "dev": true
    },
    "node_modules/three": {
      "version": "0.136.0",
      "resolved": "https://registry.npmjs.org/three/-/three-0.136.0.tgz",
      "integrity": "sha512-+fEMX7nYLz2ZesVP/dyifli5Jf8gR3XPAnFJveQ80aMhibFduzrADnjMbARXh8+W9qLK7rshJCjAIL/6cDxC+A=="
    }
  },
  "dependencies": {
    "@types/node": {
      "version": "17.0.8",
      "resolved": "https://registry.npmjs.org/@types/node/-/node-17.0.8.tgz",
      "integrity": "sha512-YofkM6fGv4gDJq78g4j0mMuGMkZVxZDgtU0JRdx6FgiJDG+0fY0GKVolOV8WqVmEhLCXkQRjwDdKyPxJp/uucg==",
      "dev": true
    },
    "@types/three": {
      "version": "0.136.1",
      "resolved": "https://registry.npmjs.org/@types/three/-/three-0.136.1.tgz",
      "integrity": "sha512-gzTw6RR4dU8sGf+RpLBWWKHRVIJ4gwKVQPk+IFCgha04Efg/itXYUalX6iBcYeSmaDu0qE5M7uTq0XLQpU4FAg==",
      "dev": true
    },
    "three": {
      "version": "0.136.0",
      "resolved": "https://registry.npmjs.org/three/-/three-0.136.0.tgz",
      "integrity": "sha512-+fEMX7nYLz2ZesVP/dyifli5Jf8gR3XPAnFJveQ80aMhibFduzrADnjMbARXh8+W9qLK7rshJCjAIL/6cDxC+A=="
    }
  }
}
