{
  "name": "ecs-threejs",
  "version": "1.0.0",
  "lockfileVersion": 2,
  "requires": true,
  "packages": {
    "": {
      "name": "ecs-threejs",
      "version": "1.0.0",
      "license": "ISC",
      "dependencies": {
        "three": "^0.138.0",
        "troika-three-text": "^0.45.0"
      },
      "devDependencies": {
        "@types/node": "^17.0.8",
        "@types/three": "^0.137.0"
      }
    },
    "node_modules/@types/node": {
      "version": "17.0.8",
      "resolved": "https://registry.npmjs.org/@types/node/-/node-17.0.8.tgz",
      "integrity": "sha512-YofkM6fGv4gDJq78g4j0mMuGMkZVxZDgtU0JRdx6FgiJDG+0fY0GKVolOV8WqVmEhLCXkQRjwDdKyPxJp/uucg==",
      "dev": true
    },
    "node_modules/@types/three": {
      "version": "0.137.0",
      "resolved": "https://registry.npmjs.org/@types/three/-/three-0.137.0.tgz",
      "integrity": "sha512-Xc5EAlfYmgrCLI/VlSVqiRJAtzhWF0Rw2jSq48nqJy+Hcb5sfDOXyfZn1+RNcHyi9l8CeCAXCZygO8IyeOJVEA==",
      "dev": true
    },
    "node_modules/bidi-js": {
      "version": "1.0.2",
      "resolved": "https://registry.npmjs.org/bidi-js/-/bidi-js-1.0.2.tgz",
      "integrity": "sha512-rzSy/k7WdX5zOyeHHCOixGXbCHkyogkxPKL2r8QtzHmVQDiWCXUWa18bLdMWT9CYMLOYTjWpTHawuev2ouYJVw==",
      "dependencies": {
        "require-from-string": "^2.0.2"
      }
    },
    "node_modules/require-from-string": {
      "version": "2.0.2",
      "resolved": "https://registry.npmjs.org/require-from-string/-/require-from-string-2.0.2.tgz",
      "integrity": "sha512-Xf0nWe6RseziFMu+Ap9biiUbmplq6S9/p+7w7YXP/JBHhrUDDUhwa+vANyubuqfZWTveU//DYVGsDG7RKL/vEw==",
      "engines": {
        "node": ">=0.10.0"
      }
    },
    "node_modules/three": {
      "version": "0.138.0",
      "resolved": "https://registry.npmjs.org/three/-/three-0.138.0.tgz",
      "integrity": "sha512-xM/WwUd53ClkbHFrftW29aIzMVvyhj4rSZmIVgn6hZ/kYB7aMjDD8FFy4VJamygXSrldJuOgEJuaI+E+8mt/KA=="
    },
    "node_modules/troika-three-text": {
      "version": "0.45.0",
      "resolved": "https://registry.npmjs.org/troika-three-text/-/troika-three-text-0.45.0.tgz",
      "integrity": "sha512-s/MhDYJm0+aiQU8fjO1TXl1UZESY52GMJgzyMB0HHnh2iADy+WY00oVgNsW6lU7XmC2g8MU81nV5egCDAS4/Pg==",
      "dependencies": {
        "bidi-js": "^1.0.2",
        "troika-three-utils": "^0.45.0",
        "troika-worker-utils": "^0.45.0"
      },
      "peerDependencies": {
        "three": ">=0.103.0"
      }
    },
    "node_modules/troika-three-utils": {
      "version": "0.45.0",
      "resolved": "https://registry.npmjs.org/troika-three-utils/-/troika-three-utils-0.45.0.tgz",
      "integrity": "sha512-VJqEx8aww2El/zSbbnmjdhaAOQ4LM0CVJmKh385Vi/CzruhMmWEaunMRI/J1vh4MbbGo+dREu73FkMkr/PXypA==",
      "peerDependencies": {
        "three": ">=0.103.0"
      }
    },
    "node_modules/troika-worker-utils": {
      "version": "0.45.0",
      "resolved": "https://registry.npmjs.org/troika-worker-utils/-/troika-worker-utils-0.45.0.tgz",
      "integrity": "sha512-pEO8u7+29dG5SbmGUg0wqXPEe+r+Hd0ibKf75tjH2aoR7ZPlRwUzRTvPURDlDNFF4KysDLvMCdHnyslG9IG5Hw=="
    }
  },
  "dependencies": {
    "@types/node": {
      "version": "17.0.8",
      "resolved": "https://registry.npmjs.org/@types/node/-/node-17.0.8.tgz",
      "integrity": "sha512-YofkM6fGv4gDJq78g4j0mMuGMkZVxZDgtU0JRdx6FgiJDG+0fY0GKVolOV8WqVmEhLCXkQRjwDdKyPxJp/uucg==",
      "dev": true
    },
    "@types/three": {
      "version": "0.137.0",
      "resolved": "https://registry.npmjs.org/@types/three/-/three-0.137.0.tgz",
      "integrity": "sha512-Xc5EAlfYmgrCLI/VlSVqiRJAtzhWF0Rw2jSq48nqJy+Hcb5sfDOXyfZn1+RNcHyi9l8CeCAXCZygO8IyeOJVEA==",
      "dev": true
    },
    "bidi-js": {
      "version": "1.0.2",
      "resolved": "https://registry.npmjs.org/bidi-js/-/bidi-js-1.0.2.tgz",
      "integrity": "sha512-rzSy/k7WdX5zOyeHHCOixGXbCHkyogkxPKL2r8QtzHmVQDiWCXUWa18bLdMWT9CYMLOYTjWpTHawuev2ouYJVw==",
      "requires": {
        "require-from-string": "^2.0.2"
      }
    },
    "require-from-string": {
      "version": "2.0.2",
      "resolved": "https://registry.npmjs.org/require-from-string/-/require-from-string-2.0.2.tgz",
      "integrity": "sha512-Xf0nWe6RseziFMu+Ap9biiUbmplq6S9/p+7w7YXP/JBHhrUDDUhwa+vANyubuqfZWTveU//DYVGsDG7RKL/vEw=="
    },
    "three": {
      "version": "0.138.0",
      "resolved": "https://registry.npmjs.org/three/-/three-0.138.0.tgz",
      "integrity": "sha512-xM/WwUd53ClkbHFrftW29aIzMVvyhj4rSZmIVgn6hZ/kYB7aMjDD8FFy4VJamygXSrldJuOgEJuaI+E+8mt/KA=="
    },
    "troika-three-text": {
      "version": "0.45.0",
      "resolved": "https://registry.npmjs.org/troika-three-text/-/troika-three-text-0.45.0.tgz",
      "integrity": "sha512-s/MhDYJm0+aiQU8fjO1TXl1UZESY52GMJgzyMB0HHnh2iADy+WY00oVgNsW6lU7XmC2g8MU81nV5egCDAS4/Pg==",
      "requires": {
        "bidi-js": "^1.0.2",
        "troika-three-utils": "^0.45.0",
        "troika-worker-utils": "^0.45.0"
      }
    },
    "troika-three-utils": {
      "version": "0.45.0",
      "resolved": "https://registry.npmjs.org/troika-three-utils/-/troika-three-utils-0.45.0.tgz",
      "integrity": "sha512-VJqEx8aww2El/zSbbnmjdhaAOQ4LM0CVJmKh385Vi/CzruhMmWEaunMRI/J1vh4MbbGo+dREu73FkMkr/PXypA==",
      "requires": {}
    },
    "troika-worker-utils": {
      "version": "0.45.0",
      "resolved": "https://registry.npmjs.org/troika-worker-utils/-/troika-worker-utils-0.45.0.tgz",
      "integrity": "sha512-pEO8u7+29dG5SbmGUg0wqXPEe+r+Hd0ibKf75tjH2aoR7ZPlRwUzRTvPURDlDNFF4KysDLvMCdHnyslG9IG5Hw=="
    }
  }
}
