{
  "name": "ecs-threejs",
  "version": "1.0.0",
  "lockfileVersion": 2,
  "requires": true,
  "packages": {
    "": {
      "name": "ecs-threejs",
      "version": "1.0.0",
      "license": "ISC",
      "dependencies": {
        "three": "^0.138.0"
      },
      "devDependencies": {
        "@types/node": "^17.0.8",
        "@types/three": "^0.137.0"
      }
    },
    "node_modules/@types/node": {
      "version": "17.0.8",
      "resolved": "https://registry.npmjs.org/@types/node/-/node-17.0.8.tgz",
      "integrity": "sha512-YofkM6fGv4gDJq78g4j0mMuGMkZVxZDgtU0JRdx6FgiJDG+0fY0GKVolOV8WqVmEhLCXkQRjwDdKyPxJp/uucg==",
      "dev": true
    },
    "node_modules/@types/three": {
      "version": "0.137.0",
      "resolved": "https://registry.npmjs.org/@types/three/-/three-0.137.0.tgz",
      "integrity": "sha512-Xc5EAlfYmgrCLI/VlSVqiRJAtzhWF0Rw2jSq48nqJy+Hcb5sfDOXyfZn1+RNcHyi9l8CeCAXCZygO8IyeOJVEA==",
      "dev": true
    },
    "node_modules/three": {
      "version": "0.138.0",
      "resolved": "https://registry.npmjs.org/three/-/three-0.138.0.tgz",
      "integrity": "sha512-xM/WwUd53ClkbHFrftW29aIzMVvyhj4rSZmIVgn6hZ/kYB7aMjDD8FFy4VJamygXSrldJuOgEJuaI+E+8mt/KA=="
    }
  },
  "dependencies": {
    "@types/node": {
      "version": "17.0.8",
      "resolved": "https://registry.npmjs.org/@types/node/-/node-17.0.8.tgz",
      "integrity": "sha512-YofkM6fGv4gDJq78g4j0mMuGMkZVxZDgtU0JRdx6FgiJDG+0fY0GKVolOV8WqVmEhLCXkQRjwDdKyPxJp/uucg==",
      "dev": true
    },
    "@types/three": {
      "version": "0.137.0",
      "resolved": "https://registry.npmjs.org/@types/three/-/three-0.137.0.tgz",
      "integrity": "sha512-Xc5EAlfYmgrCLI/VlSVqiRJAtzhWF0Rw2jSq48nqJy+Hcb5sfDOXyfZn1+RNcHyi9l8CeCAXCZygO8IyeOJVEA==",
      "dev": true
    },
    "three": {
      "version": "0.138.0",
      "resolved": "https://registry.npmjs.org/three/-/three-0.138.0.tgz",
      "integrity": "sha512-xM/WwUd53ClkbHFrftW29aIzMVvyhj4rSZmIVgn6hZ/kYB7aMjDD8FFy4VJamygXSrldJuOgEJuaI+E+8mt/KA=="
    }
  }
}
